{
  "R": {
    "Version": "4.0.2",
    "Repositories": [
      {
        "Name": "CRAN",
        "URL": "https://cran.rstudio.com"
      }
    ]
  },
  "Packages": {
    "BH": {
      "Package": "BH",
      "Version": "1.75.0-0",
      "Source": "Repository",
      "Repository": "CRAN",
      "Hash": "e4c04affc2cac20c8fec18385cd14691"
    },
    "Bessel": {
      "Package": "Bessel",
      "Version": "0.6-0",
      "Source": "Repository",
      "Repository": "CRAN",
      "Hash": "3f197e069f3e581d6ef41ce317944a97"
    },
    "DBI": {
      "Package": "DBI",
      "Version": "1.1.1",
      "Source": "Repository",
      "Repository": "CRAN",
      "Hash": "030aaec5bc6553f35347cbb1e70b1a17"
    },
    "DEoptimR": {
      "Package": "DEoptimR",
      "Version": "1.0-8",
      "Source": "Repository",
      "Repository": "CRAN",
      "Hash": "4fdd17df6c1b897cb59bdd9cf6621a43"
    },
    "FNN": {
      "Package": "FNN",
      "Version": "1.1.3",
      "Source": "Repository",
      "Repository": "CRAN",
      "Hash": "b56998fff55e4a4b4860ad6e8c67e0f9"
    },
    "Gmedian": {
      "Package": "Gmedian",
      "Version": "1.2.5",
      "Source": "Repository",
      "Repository": "CRAN",
      "Hash": "6c8900eece28e0825b9a340de2ebedb3"
    },
    "KernSmooth": {
      "Package": "KernSmooth",
      "Version": "2.23-17",
      "Source": "Repository",
      "Repository": "CRAN",
      "Hash": "bbff70c8c0357b5b88238c83f680fcd3"
    },
    "MASS": {
      "Package": "MASS",
      "Version": "7.3-51.6",
      "Source": "Repository",
      "Repository": "CRAN",
      "Hash": "1dad32ac9dbd8057167b2979fb932ff7"
    },
    "Matrix": {
      "Package": "Matrix",
      "Version": "1.2-18",
      "Source": "Repository",
      "Repository": "CRAN",
      "Hash": "08588806cba69f04797dab50627428ed"
    },
    "R6": {
      "Package": "R6",
      "Version": "2.5.0",
      "Source": "Repository",
      "Repository": "CRAN",
      "Hash": "b203113193e70978a696b2809525649d"
    },
    "RColorBrewer": {
      "Package": "RColorBrewer",
      "Version": "1.1-2",
      "Source": "Repository",
      "Repository": "CRAN",
      "Hash": "e031418365a7f7a766181ab5a41a5716"
    },
    "RSpectra": {
      "Package": "RSpectra",
      "Version": "0.16-0",
      "Source": "Repository",
      "Repository": "CRAN",
      "Hash": "a41329d24d5a98eaed2bd0159adb1b5f"
    },
    "Rcpp": {
      "Package": "Rcpp",
      "Version": "1.0.6",
      "Source": "Repository",
      "Repository": "CRAN",
      "Hash": "dbb5e436998a7eba5a9d682060533338"
    },
    "RcppArmadillo": {
      "Package": "RcppArmadillo",
      "Version": "0.9.900.3.0",
      "Source": "Repository",
      "Repository": "CRAN",
      "Hash": "961e71b714a1ffe58ed651cb6e40b3b1"
    },
    "RcppEigen": {
      "Package": "RcppEigen",
      "Version": "0.3.3.7.0",
      "Source": "Repository",
      "Repository": "CRAN",
      "Hash": "c6faf038ba4346b1de19ad7c99b8f94a"
    },
    "Rdpack": {
      "Package": "Rdpack",
      "Version": "2.1",
      "Source": "Repository",
      "Repository": "CRAN",
      "Hash": "f44bc6ad37ae5171d42fe2e7465a9ac3"
    },
    "Rmpfr": {
      "Package": "Rmpfr",
      "Version": "0.8-1",
      "Source": "Repository",
      "Repository": "CRAN",
      "Hash": "d65a59ffb3c766e094ad0307a14adff6"
    },
    "TMB": {
      "Package": "TMB",
      "Version": "1.7.18",
      "Source": "Repository",
      "Repository": "CRAN",
      "Hash": "1500330bbd3c378400d65a5010aa7ce5"
    },
    "amt": {
      "Package": "amt",
      "Version": "0.1.3",
      "Source": "Repository",
      "Repository": "CRAN",
      "Hash": "ec35667ec0edac9e01722d2456d3c1cb"
    },
    "assertthat": {
      "Package": "assertthat",
      "Version": "0.2.1",
      "Source": "Repository",
      "Repository": "CRAN",
      "Hash": "50c838a310445e954bc13f26f26a6ecf"
    },
    "backports": {
      "Package": "backports",
      "Version": "1.1.10",
      "Source": "Repository",
      "Repository": "CRAN",
      "Hash": "05ffd2d4acb51aee70f1de68ad7a6aed"
    },
    "base64enc": {
      "Package": "base64enc",
      "Version": "0.1-3",
      "Source": "Repository",
      "Repository": "CRAN",
      "Hash": "543776ae6848fde2f48ff3816d0628bc"
    },
    "boot": {
      "Package": "boot",
      "Version": "1.3-25",
      "Source": "Repository",
      "Repository": "CRAN",
      "Hash": "bd51734a754b6c2baf28b2d1ebc11e91"
    },
    "brio": {
      "Package": "brio",
      "Version": "1.1.0",
      "Source": "Repository",
      "Repository": "CRAN",
      "Hash": "570a24963009b9cce0869a0463c83580"
    },
    "broom": {
      "Package": "broom",
      "Version": "0.7.0",
      "Source": "Repository",
      "Repository": "CRAN",
      "Hash": "2ca5ae42f3bfd149504d63c833c2be26"
    },
    "callr": {
      "Package": "callr",
      "Version": "3.5.1",
      "Source": "Repository",
      "Repository": "CRAN",
      "Hash": "b7d7f1e926dfcd57c74ce93f5c048e80"
    },
    "checkmate": {
      "Package": "checkmate",
      "Version": "2.0.0",
      "Source": "Repository",
      "Repository": "CRAN",
      "Hash": "a667800d5f0350371bedeb8b8b950289"
    },
    "circular": {
      "Package": "circular",
      "Version": "0.4-93",
      "Source": "Repository",
      "Repository": "CRAN",
      "Hash": "76d2b394bcecfb03d1d81a7d7264d55e"
    },
    "class": {
      "Package": "class",
      "Version": "7.3-17",
      "Source": "Repository",
      "Repository": "CRAN",
      "Hash": "9267f5dab59a4ef44229858a142bded1"
    },
    "classInt": {
      "Package": "classInt",
      "Version": "0.4-3",
      "Source": "Repository",
      "Repository": "CRAN",
      "Hash": "17bdfa3c51df4a6c82484d13b11fb380"
    },
    "cli": {
      "Package": "cli",
      "Version": "2.3.0",
      "Source": "Repository",
      "Repository": "CRAN",
      "Hash": "26fb4f0871c8e5b84d77f6dc22f2ee0a"
    },
    "clipr": {
      "Package": "clipr",
      "Version": "0.7.1",
      "Source": "Repository",
      "Repository": "CRAN",
      "Hash": "ebaa97ac99cc2daf04e77eecc7b781d7"
    },
    "colorspace": {
      "Package": "colorspace",
      "Version": "1.4-1",
      "Source": "Repository",
      "Repository": "CRAN",
      "Hash": "6b436e95723d1f0e861224dd9b094dfb"
    },
    "cpp11": {
      "Package": "cpp11",
      "Version": "0.2.6",
      "Source": "Repository",
      "Repository": "CRAN",
      "Hash": "f08909ebdad90b19d8d3930da4220564"
    },
    "crayon": {
      "Package": "crayon",
      "Version": "1.4.1",
      "Source": "Repository",
      "Repository": "CRAN",
      "Hash": "e75525c55c70e5f4f78c9960a4b402e9"
    },
    "crosstalk": {
      "Package": "crosstalk",
      "Version": "1.1.0.1",
      "Source": "Repository",
      "Repository": "CRAN",
      "Hash": "ae55f5d7c02f0ab43c58dd050694f2b4"
    },
    "ctmm": {
      "Package": "ctmm",
      "Version": "0.5.11",
      "Source": "GitHub",
      "RemoteType": "github",
      "RemoteHost": "api.github.com",
      "RemoteRepo": "ctmm",
      "RemoteUsername": "ctmm-initiative",
      "RemoteRef": "HEAD",
      "RemoteSha": "5277837c4e7ec7fc311619a67c6eee346322fa47",
      "Hash": "d92b28f78a91f13cd02bdfd2c08b0d34"
    },
    "data.table": {
      "Package": "data.table",
      "Version": "1.13.6",
      "Source": "Repository",
      "Repository": "CRAN",
      "Hash": "813fa8857aaa949b243e2e0b4abb8592"
    },
    "desc": {
      "Package": "desc",
      "Version": "1.2.0",
      "Source": "Repository",
      "Repository": "CRAN",
      "Hash": "6c8fe8fa26a23b79949375d372c7b395"
    },
    "diffobj": {
      "Package": "diffobj",
      "Version": "0.3.2",
      "Source": "Repository",
      "Repository": "CRAN",
      "Hash": "16533929cf545f3c9b796780cccf5eff"
    },
    "digest": {
      "Package": "digest",
      "Version": "0.6.27",
      "Source": "Repository",
      "Repository": "CRAN",
      "Hash": "a0cbe758a531d054b537d16dff4d58a1"
    },
    "dplyr": {
      "Package": "dplyr",
      "Version": "1.0.2",
      "Source": "Repository",
      "Repository": "CRAN",
      "Hash": "d0509913b27ea898189ee664b6030dc2"
    },
    "e1071": {
      "Package": "e1071",
      "Version": "1.7-4",
      "Source": "Repository",
      "Repository": "CRAN",
      "Hash": "7e9462e3e3e565f51fbec181dfcab890"
    },
    "ellipsis": {
      "Package": "ellipsis",
      "Version": "0.3.1",
      "Source": "Repository",
      "Repository": "CRAN",
      "Hash": "fd2844b3a43ae2d27e70ece2df1b4e2a"
    },
    "evaluate": {
      "Package": "evaluate",
      "Version": "0.14",
      "Source": "Repository",
      "Repository": "CRAN",
      "Hash": "ec8ca05cffcc70569eaaad8469d2a3a7"
    },
    "expm": {
      "Package": "expm",
      "Version": "0.999-5",
      "Source": "Repository",
      "Repository": "CRAN",
      "Hash": "6da939036c445e851f7ef690e349cc2c"
    },
    "fansi": {
      "Package": "fansi",
      "Version": "0.4.2",
      "Source": "Repository",
      "Repository": "CRAN",
      "Hash": "fea074fb67fe4c25d47ad09087da847d"
    },
    "farver": {
      "Package": "farver",
      "Version": "2.0.3",
      "Source": "Repository",
      "Repository": "CRAN",
      "Hash": "dad6793a5a1f73c8e91f1a1e3e834b05"
    },
    "fasttime": {
      "Package": "fasttime",
      "Version": "1.0-2",
      "Source": "Repository",
      "Repository": "CRAN",
      "Hash": "efdc4308ab1332af7895346ca45eeab1"
    },
    "fitdistrplus": {
      "Package": "fitdistrplus",
      "Version": "1.1-1",
      "Source": "Repository",
      "Repository": "CRAN",
      "Hash": "cda0de261bed7be40665ed9da8404d43"
    },
    "forcats": {
      "Package": "forcats",
      "Version": "0.5.0",
      "Source": "Repository",
      "Repository": "CRAN",
      "Hash": "1cb4279e697650f0bd78cd3601ee7576"
    },
    "foreign": {
      "Package": "foreign",
      "Version": "0.8-80",
      "Source": "Repository",
      "Repository": "CRAN",
      "Hash": "ae1b1e15cc6ccb2bc61c0ac33e86d35f"
    },
    "gbRd": {
      "Package": "gbRd",
      "Version": "0.4-11",
      "Source": "Repository",
      "Repository": "CRAN",
      "Hash": "dd324973735626ce23e950a5f2d3d8ee"
    },
    "generics": {
      "Package": "generics",
      "Version": "0.0.2",
      "Source": "Repository",
      "Repository": "CRAN",
      "Hash": "b8cff1d1391fd1ad8b65877f4c7f2e53"
    },
    "geosphere": {
      "Package": "geosphere",
      "Version": "1.5-10",
      "Source": "Repository",
      "Repository": "CRAN",
      "Hash": "eee36211f74e4dbc80eae9d504b58f0b"
    },
    "ggdendro": {
      "Package": "ggdendro",
      "Version": "0.1.22",
      "Source": "Repository",
      "Repository": "CRAN",
      "Hash": "bd0785a22c1d8eb187df2d06fab4d906"
    },
    "ggforce": {
      "Package": "ggforce",
      "Version": "0.3.2",
      "Source": "Repository",
      "Repository": "CRAN",
      "Hash": "4adaf6b01b41f243ba0c62801de3331e"
    },
    "ggformula": {
      "Package": "ggformula",
      "Version": "0.10.1",
      "Source": "Repository",
      "Repository": "CRAN",
      "Hash": "ceabdf54e1cf26e30f99f43bad146acc"
    },
    "ggplot2": {
      "Package": "ggplot2",
      "Version": "3.3.2",
      "Source": "Repository",
      "Repository": "CRAN",
      "Hash": "4ded8b439797f7b1693bd3d238d0106b"
    },
    "ggrepel": {
      "Package": "ggrepel",
      "Version": "0.8.2",
      "Source": "Repository",
      "Repository": "CRAN",
      "Hash": "c013a50b19695daf04853679e1bc105a"
    },
    "ggridges": {
      "Package": "ggridges",
      "Version": "0.5.3",
      "Source": "Repository",
      "Repository": "CRAN",
      "Hash": "9d028e8f37c84dba356ce3c367a1978e"
    },
    "ggstance": {
      "Package": "ggstance",
      "Version": "0.3.5",
      "Source": "Repository",
      "Repository": "CRAN",
      "Hash": "2fed8b95e6159315d5a024a2e28d07c4"
    },
    "glmmTMB": {
      "Package": "glmmTMB",
      "Version": "1.0.2.1",
      "Source": "Repository",
      "Repository": "CRAN",
      "Hash": "a21e7d803995b2a6db11eb8ea3cb0b8c"
    },
    "glue": {
      "Package": "glue",
      "Version": "1.4.2",
      "Source": "Repository",
      "Repository": "CRAN",
      "Hash": "6efd734b14c6471cfe443345f3e35e29"
    },
    "gmp": {
      "Package": "gmp",
      "Version": "0.6-0",
      "Source": "Repository",
      "Repository": "CRAN",
      "Hash": "d2499972ec8aac4dc0863c15f2713f4e"
    },
    "gridExtra": {
      "Package": "gridExtra",
      "Version": "2.3",
      "Source": "Repository",
      "Repository": "CRAN",
      "Hash": "7d7f283939f563670a697165b2cf5560"
    },
    "gsl": {
      "Package": "gsl",
      "Version": "2.1-6",
      "Source": "Repository",
      "Repository": "CRAN",
      "Hash": "cd08a36fbe64bf9b4a126b5d66e33db2"
    },
    "gtable": {
      "Package": "gtable",
      "Version": "0.3.0",
      "Source": "Repository",
      "Repository": "CRAN",
      "Hash": "ac5c6baf7822ce8732b343f14c072c4d"
    },
    "haven": {
      "Package": "haven",
      "Version": "2.3.1",
      "Source": "Repository",
      "Repository": "CRAN",
      "Hash": "221d0ad75dfa03ebf17b1a4cc5c31dfc"
    },
    "here": {
      "Package": "here",
      "Version": "0.1",
      "Source": "Repository",
      "Repository": "CRAN",
      "Hash": "2c0406b8e0a4c3516ab37be62da74e3c"
    },
    "highr": {
      "Package": "highr",
      "Version": "0.8",
      "Source": "Repository",
      "Repository": "CRAN",
      "Hash": "4dc5bb88961e347a0f4d8aad597cbfac"
    },
    "hms": {
      "Package": "hms",
      "Version": "1.0.0",
      "Source": "Repository",
      "Repository": "CRAN",
      "Hash": "bf552cdd96f5969873afdac7311c7d0d"
    },
    "htmltools": {
      "Package": "htmltools",
      "Version": "0.5.1.1",
      "Source": "Repository",
      "Repository": "CRAN",
      "Hash": "af2c2531e55df5cf230c4b5444fc973c"
    },
    "htmlwidgets": {
      "Package": "htmlwidgets",
      "Version": "1.5.1",
      "Source": "Repository",
      "Repository": "CRAN",
      "Hash": "41bace23583fbc25089edae324de2dc3"
    },
    "isoband": {
      "Package": "isoband",
      "Version": "0.2.2",
      "Source": "Repository",
      "Repository": "CRAN",
      "Hash": "6e58bd3d6b3dd82a944cd6f05ade228f"
    },
    "jpeg": {
      "Package": "jpeg",
      "Version": "0.1-8.1",
      "Source": "Repository",
      "Repository": "CRAN",
      "Hash": "bc316c003aba520fc73d70ad53b5fc36"
    },
    "jsonlite": {
      "Package": "jsonlite",
      "Version": "1.7.2",
      "Source": "Repository",
      "Repository": "CRAN",
      "Hash": "98138e0994d41508c7a6b84a0600cfcb"
    },
    "knitr": {
      "Package": "knitr",
      "Version": "1.30",
      "Source": "Repository",
      "Repository": "CRAN",
      "Hash": "eed7ee0d02eee88d53881cdc92457c62"
    },
    "labeling": {
      "Package": "labeling",
      "Version": "0.3",
      "Source": "Repository",
      "Repository": "CRAN",
      "Hash": "73832978c1de350df58108c745ed0e3e"
    },
    "labelled": {
      "Package": "labelled",
      "Version": "2.7.0",
      "Source": "Repository",
      "Repository": "CRAN",
      "Hash": "b31323eaadbd8c798d3f8c3600ba2963"
    },
    "lattice": {
      "Package": "lattice",
      "Version": "0.20-41",
      "Source": "Repository",
      "Repository": "CRAN",
      "Hash": "fbd9285028b0263d76d18c95ae51a53d"
    },
    "latticeExtra": {
      "Package": "latticeExtra",
      "Version": "0.6-29",
      "Source": "Repository",
      "Repository": "CRAN",
      "Hash": "590829599d6182cf7461787af34666ee"
    },
    "lazyeval": {
      "Package": "lazyeval",
      "Version": "0.2.2",
      "Source": "Repository",
      "Repository": "CRAN",
      "Hash": "d908914ae53b04d4c0c0fd72ecc35370"
    },
    "leaflet": {
      "Package": "leaflet",
      "Version": "2.0.4.1",
      "Source": "Repository",
      "Repository": "CRAN",
      "Hash": "e3d73becdeb92754d27172d278cbf61d"
    },
    "leaflet.providers": {
      "Package": "leaflet.providers",
      "Version": "1.9.0",
      "Source": "Repository",
      "Repository": "CRAN",
      "Hash": "d3082a7beac4a1aeb96100ff06265d7e"
    },
    "lifecycle": {
      "Package": "lifecycle",
      "Version": "1.0.0",
      "Source": "Repository",
      "Repository": "CRAN",
      "Hash": "3471fb65971f1a7b2d4ae7848cf2db8d"
    },
    "lme4": {
      "Package": "lme4",
      "Version": "1.1-23",
      "Source": "Repository",
      "Repository": "CRAN",
      "Hash": "ad24d1fd9ed431543f4633bb083e194a"
    },
    "lubridate": {
      "Package": "lubridate",
      "Version": "1.7.9",
      "Source": "Repository",
      "Repository": "CRAN",
      "Hash": "fc1c91e2e8d9e1fc932e75aa1ed989b7"
    },
    "magrittr": {
      "Package": "magrittr",
      "Version": "2.0.1",
      "Source": "Repository",
      "Repository": "CRAN",
      "Hash": "41287f1ac7d28a92f0a286ed507928d3"
    },
    "manipulate": {
      "Package": "manipulate",
      "Version": "1.0.1",
      "Source": "Repository",
      "Repository": "CRAN",
      "Hash": "1058d8feeed787a4b005f66014e4272d"
    },
    "maptools": {
      "Package": "maptools",
      "Version": "1.0-2",
      "Source": "Repository",
      "Repository": "CRAN",
      "Hash": "1cb5cb7bbab76318944e3794ff2512ae"
    },
    "markdown": {
      "Package": "markdown",
      "Version": "1.1",
      "Source": "Repository",
      "Repository": "CRAN",
      "Hash": "61e4a10781dd00d7d81dd06ca9b94e95"
    },
    "mgcv": {
      "Package": "mgcv",
      "Version": "1.8-31",
      "Source": "Repository",
      "Repository": "CRAN",
      "Hash": "4bb7e0c4f3557583e1e8d3c9ffb8ba5c"
    },
    "mime": {
      "Package": "mime",
      "Version": "0.10",
      "Source": "Repository",
      "Repository": "CRAN",
      "Hash": "26fa77e707223e1ce042b2b5d09993dc"
    },
    "minqa": {
      "Package": "minqa",
      "Version": "1.2.4",
      "Source": "Repository",
      "Repository": "CRAN",
      "Hash": "eaee7d2a6f3ed4491df868611cb064cc"
    },
    "mosaic": {
      "Package": "mosaic",
      "Version": "1.8.3",
      "Source": "Repository",
      "Repository": "CRAN",
      "Hash": "7df2fcc92289fce0e2a1ccf429b60f6a"
    },
    "mosaicCore": {
      "Package": "mosaicCore",
      "Version": "0.9.0",
      "Source": "Repository",
      "Repository": "CRAN",
      "Hash": "947fda43d0ed02171fa10d0cf0c69220"
    },
    "mosaicData": {
      "Package": "mosaicData",
      "Version": "0.20.2",
      "Source": "Repository",
      "Repository": "CRAN",
      "Hash": "4ab5aa7ce0b9e9989750e2eea6291701"
    },
    "munsell": {
      "Package": "munsell",
      "Version": "0.5.0",
      "Source": "Repository",
      "Repository": "CRAN",
      "Hash": "6dfe8bf774944bd5595785e3229d8771"
    },
    "mvtnorm": {
      "Package": "mvtnorm",
      "Version": "1.1-1",
      "Source": "Repository",
      "Repository": "CRAN",
      "Hash": "69fa7331e7410c2a2cb3f9868513904f"
    },
    "nlme": {
      "Package": "nlme",
      "Version": "3.1-148",
      "Source": "Repository",
      "Repository": "CRAN",
      "Hash": "662f52871983ff3e3ef042c62de126df"
    },
    "nloptr": {
      "Package": "nloptr",
      "Version": "1.2.2.2",
      "Source": "Repository",
      "Repository": "CRAN",
      "Hash": "2737faeee353704efec5afa1e943dd64"
    },
    "numDeriv": {
      "Package": "numDeriv",
      "Version": "2016.8-1.1",
      "Source": "Repository",
      "Repository": "CRAN",
      "Hash": "df58958f293b166e4ab885ebcad90e02"
    },
    "pbivnorm": {
      "Package": "pbivnorm",
      "Version": "0.6.0",
      "Source": "Repository",
      "Repository": "CRAN",
      "Hash": "643e16a7da6aac3e18cadc3e14abb94b"
    },
    "pillar": {
      "Package": "pillar",
      "Version": "1.4.7",
      "Source": "Repository",
      "Repository": "CRAN",
      "Hash": "3b3dd89b2ee115a8b54e93a34cd546b4"
    },
    "pkgbuild": {
      "Package": "pkgbuild",
      "Version": "1.1.0",
      "Source": "Repository",
      "Repository": "CRAN",
      "Hash": "404684bc4e3685007f9720adf13b06c1"
    },
    "pkgconfig": {
      "Package": "pkgconfig",
      "Version": "2.0.3",
      "Source": "Repository",
      "Repository": "CRAN",
      "Hash": "01f28d4278f15c76cddbea05899c5d6f"
    },
    "pkgload": {
      "Package": "pkgload",
      "Version": "1.1.0",
      "Source": "Repository",
      "Repository": "CRAN",
      "Hash": "b6b150cd4709e0c0c9b5d51ac4376282"
    },
    "plyr": {
      "Package": "plyr",
      "Version": "1.8.6",
      "Source": "Repository",
      "Repository": "CRAN",
      "Hash": "ec0e5ab4e5f851f6ef32cd1d1984957f"
    },
    "png": {
      "Package": "png",
      "Version": "0.1-7",
      "Source": "Repository",
      "Repository": "CRAN",
      "Hash": "03b7076c234cb3331288919983326c55"
    },
    "polyclip": {
      "Package": "polyclip",
      "Version": "1.10-0",
      "Source": "Repository",
      "Repository": "CRAN",
      "Hash": "cb167f328b3ada4ec5cf67a7df4c900a"
    },
    "pracma": {
      "Package": "pracma",
      "Version": "2.2.9",
      "Source": "Repository",
      "Repository": "CRAN",
      "Hash": "b1cf8036efd1f61f198a209d6aed5822"
    },
    "praise": {
      "Package": "praise",
      "Version": "1.0.0",
      "Source": "Repository",
      "Repository": "CRAN",
      "Hash": "a555924add98c99d2f411e37e7d25e9f"
    },
    "prettyunits": {
      "Package": "prettyunits",
      "Version": "1.1.1",
      "Source": "Repository",
      "Repository": "CRAN",
      "Hash": "95ef9167b75dde9d2ccc3c7528393e7e"
    },
    "processx": {
      "Package": "processx",
      "Version": "3.4.4",
      "Source": "Repository",
      "Repository": "CRAN",
      "Hash": "03446ed0b8129916f73676726cb3c48f"
    },
    "ps": {
      "Package": "ps",
      "Version": "1.3.4",
      "Source": "Repository",
      "Repository": "CRAN",
      "Hash": "a54a7dfd68124abb2225dbfa9a85c457"
    },
    "purrr": {
      "Package": "purrr",
      "Version": "0.3.4",
      "Source": "Repository",
      "Repository": "CRAN",
      "Hash": "97def703420c8ab10d8f0e6c72101e02"
    },
    "raster": {
      "Package": "raster",
      "Version": "3.4-5",
      "Source": "Repository",
      "Repository": "CRAN",
      "Hash": "a3ded548110163cf499d63c3932dd499"
    },
    "rbibutils": {
      "Package": "rbibutils",
      "Version": "1.4",
      "Source": "Repository",
      "Repository": "CRAN",
      "Hash": "99d1b34845d864f65db49275c42f0a7a"
    },
    "readr": {
      "Package": "readr",
      "Version": "1.4.0",
      "Source": "Repository",
      "Repository": "CRAN",
      "Hash": "2639976851f71f330264a9c9c3d43a61"
    },
    "rematch2": {
      "Package": "rematch2",
      "Version": "2.1.2",
      "Source": "Repository",
      "Repository": "CRAN",
      "Hash": "76c9e04c712a05848ae7a23d2f170a40"
    },
    "renv": {
      "Package": "renv",
      "Version": "0.12.5",
      "Source": "Repository",
      "Repository": "CRAN",
      "Hash": "5c0cdb37f063c58cdab3c7e9fbb8bd2c"
    },
    "rgdal": {
      "Package": "rgdal",
      "Version": "1.5-16",
      "Source": "Repository",
      "Repository": "CRAN",
      "Hash": "3f840ce3afbcb78ad2a728558dba2078"
    },
    "rgeos": {
      "Package": "rgeos",
      "Version": "0.5-5",
      "Source": "Repository",
      "Repository": "CRAN",
      "Hash": "94a44c3f0d49ceb80c385610696873ca"
    },
    "rlang": {
      "Package": "rlang",
      "Version": "0.4.10",
      "Source": "Repository",
      "Repository": "CRAN",
      "Hash": "599df23c40a4fce9c7b4764f28c37857"
    },
    "robustbase": {
      "Package": "robustbase",
      "Version": "0.93-6",
      "Source": "Repository",
      "Repository": "CRAN",
      "Hash": "241454e22c9d26b11669b78d06706b41"
    },
    "rprojroot": {
      "Package": "rprojroot",
      "Version": "1.3-2",
      "Source": "Repository",
      "Repository": "CRAN",
      "Hash": "f6a407ae5dd21f6f80a6708bbb6eb3ae"
    },
    "rstudioapi": {
      "Package": "rstudioapi",
      "Version": "0.11",
      "Source": "Repository",
      "Repository": "CRAN",
      "Hash": "33a5b27a03da82ac4b1d43268f80088a"
    },
    "scales": {
      "Package": "scales",
      "Version": "1.1.1",
      "Source": "Repository",
      "Repository": "CRAN",
      "Hash": "6f76f71042411426ec8df6c54f34e6dd"
    },
    "sf": {
      "Package": "sf",
      "Version": "0.9-7",
      "Source": "Repository",
      "Repository": "CRAN",
      "Hash": "9d6831c4c002137d99be6b946ac9da07"
    },
    "shape": {
      "Package": "shape",
      "Version": "1.4.5",
      "Source": "Repository",
      "Repository": "CRAN",
      "Hash": "58510f25472de6fd363d76698d29709e"
    },
    "sp": {
      "Package": "sp",
      "Version": "1.4-5",
      "Source": "Repository",
      "Repository": "CRAN",
      "Hash": "dfd843ee98246cf932823acf613b05dd"
    },
    "statmod": {
      "Package": "statmod",
      "Version": "1.4.34",
      "Source": "Repository",
      "Repository": "CRAN",
      "Hash": "5b229273695937933bc21ef235e84962"
    },
    "stringi": {
      "Package": "stringi",
      "Version": "1.5.3",
      "Source": "Repository",
      "Repository": "CRAN",
      "Hash": "a063ebea753c92910a4cca7b18bc1f05"
    },
    "stringr": {
      "Package": "stringr",
      "Version": "1.4.0",
      "Source": "Repository",
      "Repository": "CRAN",
      "Hash": "0759e6b6c0957edb1311028a49a35e76"
    },
    "survival": {
      "Package": "survival",
      "Version": "3.1-12",
      "Source": "Repository",
      "Repository": "CRAN",
      "Hash": "1c5bb53bd428f3c42a25b7aeb983d8c7"
    },
    "testthat": {
      "Package": "testthat",
      "Version": "3.0.0",
      "Source": "Repository",
      "Repository": "CRAN",
      "Hash": "13298cedd051cb7b8a8972d380b559a6"
    },
    "tibble": {
      "Package": "tibble",
      "Version": "3.0.6",
      "Source": "Repository",
      "Repository": "CRAN",
      "Hash": "9c6c10e594f32096ede0c7d373ccbddd"
    },
    "tidyr": {
      "Package": "tidyr",
      "Version": "1.1.2",
      "Source": "Repository",
      "Repository": "CRAN",
      "Hash": "c40b2d5824d829190f4b825f4496dfae"
    },
    "tidyselect": {
      "Package": "tidyselect",
      "Version": "1.1.0",
      "Source": "Repository",
      "Repository": "CRAN",
      "Hash": "6ea435c354e8448819627cf686f66e0a"
    },
    "tweenr": {
      "Package": "tweenr",
      "Version": "1.0.1",
      "Source": "Repository",
      "Repository": "CRAN",
      "Hash": "fc77eb5297507cccfa3349a606061030"
    },
    "units": {
      "Package": "units",
      "Version": "0.6-7",
      "Source": "Repository",
      "Repository": "CRAN",
      "Hash": "4a3df844d6d35ca2ba2b7ba95446b955"
    },
    "utf8": {
      "Package": "utf8",
      "Version": "1.1.4",
      "Source": "Repository",
      "Repository": "CRAN",
      "Hash": "4a5081acfb7b81a572e4384a7aaf2af1"
    },
    "vctrs": {
      "Package": "vctrs",
      "Version": "0.3.6",
      "Source": "Repository",
      "Repository": "CRAN",
      "Hash": "5cf1957f93076c19fdc81d01409d240b"
    },
    "viridis": {
      "Package": "viridis",
      "Version": "0.5.1",
      "Source": "Repository",
      "Repository": "CRAN",
      "Hash": "6f6b49e5b3b5ee5a6d0c28bf1b4b9eb3"
    },
    "viridisLite": {
      "Package": "viridisLite",
      "Version": "0.3.0",
      "Source": "Repository",
      "Repository": "CRAN",
      "Hash": "ce4f6271baa94776db692f1cb2055bee"
    },
    "waldo": {
      "Package": "waldo",
      "Version": "0.2.2",
      "Source": "Repository",
      "Repository": "CRAN",
      "Hash": "6aa53cb78ef07cfcd7bcee7435f1d1f5"
    },
    "withr": {
      "Package": "withr",
      "Version": "2.3.0",
      "Source": "Repository",
      "Repository": "CRAN",
      "Hash": "7307d79f58d1885b38c4f4f1a8cb19dd"
    },
    "xfun": {
      "Package": "xfun",
      "Version": "0.20",
      "Source": "Repository",
      "Repository": "CRAN",
      "Hash": "d7222684dc02327871e3b1da0aba7089"
    },
    "xml2": {
      "Package": "xml2",
      "Version": "1.3.2",
      "Source": "Repository",
      "Repository": "CRAN",
      "Hash": "d4d71a75dd3ea9eb5fa28cc21f9585e2"
    },
    "yaml": {
      "Package": "yaml",
      "Version": "2.2.1",
      "Source": "Repository",
      "Repository": "CRAN",
      "Hash": "2826c5d9efb0a88f657c7a679c7106db"
    }
  }
}
